
Microsoft Visual Studio Solution File, Format Version 12.00
# Visual Studio Version 16
VisualStudioVersion = 16.0.31624.102
MinimumVisualStudioVersion = 10.0.40219.1
Project("{FAE04EC0-301F-11D3-BF4B-00C04F79EFBC}") = "MS2", "MS2.csproj", "{9A47B049-DF01-4EFA-87E8-29C3C8F42573}"
EndProject
Global
	GlobalSection(SolutionConfigurationPlatforms) = preSolution
		Debug|Any CPU = Debug|Any CPU
		Release|Any CPU = Release|Any CPU
	EndGlobalSection
	GlobalSection(ProjectConfigurationPlatforms) = postSolution
		{9A47B049-DF01-4EFA-87E8-29C3C8F42573}.Debug|Any CPU.ActiveCfg = Debug|Any CPU
		{9A47B049-DF01-4EFA-87E8-29C3C8F42573}.Debug|Any CPU.Build.0 = Debug|Any CPU
		{9A47B049-DF01-4EFA-87E8-29C3C8F42573}.Release|Any CPU.ActiveCfg = Release|Any CPU
		{9A47B049-DF01-4EFA-87E8-29C3C8F42573}.Release|Any CPU.Build.0 = Release|Any CPU
	EndGlobalSection
	GlobalSection(SolutionProperties) = preSolution
		HideSolutionNode = FALSE
	EndGlobalSection
	GlobalSection(ExtensibilityGlobals) = postSolution
		SolutionGuid = {C32B751F-5EC0-4F88-A29D-9BA156D89825}
	EndGlobalSection
EndGlobal
